
Microsoft Visual Studio Solution File, Format Version 12.00
# Visual Studio Version 16
VisualStudioVersion = 16.0.30611.23
MinimumVisualStudioVersion = 10.0.40219.1
Project("{888888A0-9F3D-457C-B088-3A5042F75D52}") = "DjangoAttempt1115", "DjangoAttempt1115\DjangoAttempt1115.pyproj", "{A874FC21-1090-406D-AA8B-DBFCBE50F36E}"
EndProject
Global
	GlobalSection(SolutionConfigurationPlatforms) = preSolution
		Debug|Any CPU = Debug|Any CPU
		Release|Any CPU = Release|Any CPU
	EndGlobalSection
	GlobalSection(ProjectConfigurationPlatforms) = postSolution
		{A874FC21-1090-406D-AA8B-DBFCBE50F36E}.Debug|Any CPU.ActiveCfg = Debug|Any CPU
		{A874FC21-1090-406D-AA8B-DBFCBE50F36E}.Debug|Any CPU.Build.0 = Debug|Any CPU
		{A874FC21-1090-406D-AA8B-DBFCBE50F36E}.Release|Any CPU.ActiveCfg = Release|Any CPU
		{A874FC21-1090-406D-AA8B-DBFCBE50F36E}.Release|Any CPU.Build.0 = Release|Any CPU
	EndGlobalSection
	GlobalSection(SolutionProperties) = preSolution
		HideSolutionNode = FALSE
	EndGlobalSection
	GlobalSection(ExtensibilityGlobals) = postSolution
		SolutionGuid = {819838BF-5D97-494A-990B-590B3B9852A0}
	EndGlobalSection
EndGlobal
